
Microsoft Visual Studio Solution File, Format Version 12.00
# Visual Studio Version 16
VisualStudioVersion = 16.0.32126.315
MinimumVisualStudioVersion = 10.0.40219.1
Project("{FAE04EC0-301F-11D3-BF4B-00C04F79EFBC}") = "Lab1", "Lab1.csproj", "{605B0B3A-12FA-44E2-A523-44FEF538C4C8}"
EndProject
Global
	GlobalSection(SolutionConfigurationPlatforms) = preSolution
		Debug|Any CPU = Debug|Any CPU
		Release|Any CPU = Release|Any CPU
	EndGlobalSection
	GlobalSection(ProjectConfigurationPlatforms) = postSolution
		{605B0B3A-12FA-44E2-A523-44FEF538C4C8}.Debug|Any CPU.ActiveCfg = Debug|Any CPU
		{605B0B3A-12FA-44E2-A523-44FEF538C4C8}.Debug|Any CPU.Build.0 = Debug|Any CPU
		{605B0B3A-12FA-44E2-A523-44FEF538C4C8}.Release|Any CPU.ActiveCfg = Release|Any CPU
		{605B0B3A-12FA-44E2-A523-44FEF538C4C8}.Release|Any CPU.Build.0 = Release|Any CPU
	EndGlobalSection
	GlobalSection(SolutionProperties) = preSolution
		HideSolutionNode = FALSE
	EndGlobalSection
	GlobalSection(ExtensibilityGlobals) = postSolution
		SolutionGuid = {A771A301-C642-4393-83BF-E2B0FD4955A0}
	EndGlobalSection
EndGlobal
